
Microsoft Visual Studio Solution File, Format Version 12.00
# Visual Studio Version 17
VisualStudioVersion = 17.1.32319.34
MinimumVisualStudioVersion = 10.0.40219.1
Project("{FAE04EC0-301F-11D3-BF4B-00C04F79EFBC}") = "AzureCosmos.Server", "AzureCosmos\Server\AzureCosmos.Server.csproj", "{54A69F66-5E05-417F-B7C8-803F31E4B85C}"
EndProject
Project("{FAE04EC0-301F-11D3-BF4B-00C04F79EFBC}") = "AzureCosmos.Client", "AzureCosmos\Client\AzureCosmos.Client.csproj", "{A8E0E1B9-AE9C-41DC-94DD-A3F6CED57430}"
EndProject
Project("{FAE04EC0-301F-11D3-BF4B-00C04F79EFBC}") = "AzureCosmos.Shared", "AzureCosmos\Shared\AzureCosmos.Shared.csproj", "{B29EBCC7-97C5-4FAE-A988-94390E222F81}"
EndProject
Global
	GlobalSection(SolutionConfigurationPlatforms) = preSolution
		Debug|Any CPU = Debug|Any CPU
		Release|Any CPU = Release|Any CPU
	EndGlobalSection
	GlobalSection(ProjectConfigurationPlatforms) = postSolution
		{54A69F66-5E05-417F-B7C8-803F31E4B85C}.Debug|Any CPU.ActiveCfg = Debug|Any CPU
		{54A69F66-5E05-417F-B7C8-803F31E4B85C}.Debug|Any CPU.Build.0 = Debug|Any CPU
		{54A69F66-5E05-417F-B7C8-803F31E4B85C}.Release|Any CPU.ActiveCfg = Release|Any CPU
		{54A69F66-5E05-417F-B7C8-803F31E4B85C}.Release|Any CPU.Build.0 = Release|Any CPU
		{A8E0E1B9-AE9C-41DC-94DD-A3F6CED57430}.Debug|Any CPU.ActiveCfg = Debug|Any CPU
		{A8E0E1B9-AE9C-41DC-94DD-A3F6CED57430}.Debug|Any CPU.Build.0 = Debug|Any CPU
		{A8E0E1B9-AE9C-41DC-94DD-A3F6CED57430}.Release|Any CPU.ActiveCfg = Release|Any CPU
		{A8E0E1B9-AE9C-41DC-94DD-A3F6CED57430}.Release|Any CPU.Build.0 = Release|Any CPU
		{B29EBCC7-97C5-4FAE-A988-94390E222F81}.Debug|Any CPU.ActiveCfg = Debug|Any CPU
		{B29EBCC7-97C5-4FAE-A988-94390E222F81}.Debug|Any CPU.Build.0 = Debug|Any CPU
		{B29EBCC7-97C5-4FAE-A988-94390E222F81}.Release|Any CPU.ActiveCfg = Release|Any CPU
		{B29EBCC7-97C5-4FAE-A988-94390E222F81}.Release|Any CPU.Build.0 = Release|Any CPU
	EndGlobalSection
	GlobalSection(SolutionProperties) = preSolution
		HideSolutionNode = FALSE
	EndGlobalSection
	GlobalSection(ExtensibilityGlobals) = postSolution
		SolutionGuid = {A0DC793B-E54B-4AED-9B8A-EF319D268AAD}
	EndGlobalSection
EndGlobal
